<?xml version="1.0" encoding="utf-8"?>
<Project ToolsVersion="4.0" xmlns="http://schemas.microsoft.com/developer/msbuild/2003">
  <ItemGroup>
    <Filter Include="Source Files">
      <UniqueIdentifier>{4FC737F1-C7A5-4376-A066-2A32D752A2FF}</UniqueIdentifier>
      <Extensions>cpp;c;cc;cxx;def;odl;idl;hpj;bat;asm;asmx</Extensions>
    </Filter>
    <Filter Include="Header Files">
      <UniqueIdentifier>{93995380-89BD-4b04-88EB-625FBE52EBFB}</UniqueIdentifier>
      <Extensions>h;hh;hpp;hxx;hm;inl;inc;ipp;xsd</Extensions>
    </Filter>
    <Filter Include="Resource Files">
      <UniqueIdentifier>{67DA6AB6-F800-4c08-8B7A-83BB121AAD01}</UniqueIdentifier>
      <Extensions>rc;ico;cur;bmp;dlg;rc2;rct;bin;rgs;gif;jpg;jpeg;jpe;resx;tiff;tif;png;wav;mfcribbon-ms</Extensions>
    </Filter>
  </ItemGroup>
  <ItemGroup>
    <ClCompile Include="BallPrediction.cpp">
      <Filter>Source Files</Filter>
    </ClCompile>
    <ClCompile Include="dllmain.cpp">
      <Filter>Source Files</Filter>
    </ClCompile>
    <ClCompile Include="PredictionService.cpp">
      <Filter>Source Files</Filter>
    </ClCompile>
    <ClCompile Include="chip\src\bvh.cpp">
      <Filter>Source Files</Filter>
    </ClCompile>
    <ClCompile Include="chip\src\pitch.cpp">
      <Filter>Source Files</Filter>
    </ClCompile>
    <ClCompile Include="chip\src\primitives.cpp">
      <Filter>Source Files</Filter>
    </ClCompile>
    <ClCompile Include="tarehart_rlbot_physics_cpp_NativeBallPredictor.h">
      <Filter>Source Files</Filter>
    </ClCompile>
  </ItemGroup>
  <ItemGroup>
    <ClInclude Include="chip\inc\Ball.h">
      <Filter>Header Files</Filter>
    </ClInclude>
    <ClInclude Include="chip\inc\bit_packing.h">
      <Filter>Header Files</Filter>
    </ClInclude>
    <ClInclude Include="chip\inc\bvh.h">
      <Filter>Header Files</Filter>
    </ClInclude>
    <ClInclude Include="chip\inc\DynamicState.h">
      <Filter>Header Files</Filter>
    </ClInclude>
    <ClInclude Include="chip\inc\linalg.h">
      <Filter>Header Files</Filter>
    </ClInclude>
    <ClInclude Include="chip\inc\mat.h">
      <Filter>Header Files</Filter>
    </ClInclude>
    <ClInclude Include="chip\inc\morton.h">
      <Filter>Header Files</Filter>
    </ClInclude>
    <ClInclude Include="chip\inc\pitch.h">
      <Filter>Header Files</Filter>
    </ClInclude>
    <ClInclude Include="chip\inc\primitives.h">
      <Filter>Header Files</Filter>
    </ClInclude>
    <ClInclude Include="chip\inc\timer.h">
      <Filter>Header Files</Filter>
    </ClInclude>
    <ClInclude Include="chip\inc\vec.h">
      <Filter>Header Files</Filter>
    </ClInclude>
    <ClInclude Include="flat\rlbot_generated.h">
      <Filter>Header Files</Filter>
    </ClInclude>
    <ClInclude Include="PredictionService.hpp">
      <Filter>Header Files</Filter>
    </ClInclude>
    <ClInclude Include="targetver.h">
      <Filter>Header Files</Filter>
    </ClInclude>
    <ClInclude Include="BallPrediction.h">
      <Filter>Header Files</Filter>
    </ClInclude>
  </ItemGroup>
</Project>